
Microsoft Visual Studio Solution File, Format Version 12.00
# Visual Studio Version 17
VisualStudioVersion = 17.0.31903.59
MinimumVisualStudioVersion = 10.0.40219.1
Project("{FAE04EC0-301F-11D3-BF4B-00C04F79EFBC}") = "OpsPilot.Api", "src\OpsPilot.Api\OpsPilot.Api.csproj", "{7287C1C8-8E88-4D6F-B6C3-E6167B4EE338}"
EndProject
Project("{2150E333-8FDC-42A3-9474-1A3956D46DE8}") = "tests", "tests", "{42170F1D-3747-4AAF-9A0D-AA61D5BAE863}"
EndProject
Project("{FAE04EC0-301F-11D3-BF4B-00C04F79EFBC}") = "OpsPilot.Api.Tests", "tests\OpsPilot.Api.Tests\OpsPilot.Api.Tests.csproj", "{CFA19520-C3FA-4FBE-9DAD-178E33C7F0DE}"
EndProject
Global
	GlobalSection(SolutionConfigurationPlatforms) = preSolution
		Debug|Any CPU = Debug|Any CPU
		Release|Any CPU = Release|Any CPU
	EndGlobalSection
	GlobalSection(ProjectConfigurationPlatforms) = postSolution
		{7287C1C8-8E88-4D6F-B6C3-E6167B4EE338}.Debug|Any CPU.ActiveCfg = Debug|Any CPU
		{7287C1C8-8E88-4D6F-B6C3-E6167B4EE338}.Debug|Any CPU.Build.0 = Debug|Any CPU
		{7287C1C8-8E88-4D6F-B6C3-E6167B4EE338}.Release|Any CPU.ActiveCfg = Release|Any CPU
		{7287C1C8-8E88-4D6F-B6C3-E6167B4EE338}.Release|Any CPU.Build.0 = Release|Any CPU
		{CFA19520-C3FA-4FBE-9DAD-178E33C7F0DE}.Debug|Any CPU.ActiveCfg = Debug|Any CPU
		{CFA19520-C3FA-4FBE-9DAD-178E33C7F0DE}.Debug|Any CPU.Build.0 = Debug|Any CPU
		{CFA19520-C3FA-4FBE-9DAD-178E33C7F0DE}.Release|Any CPU.ActiveCfg = Release|Any CPU
		{CFA19520-C3FA-4FBE-9DAD-178E33C7F0DE}.Release|Any CPU.Build.0 = Release|Any CPU
	EndGlobalSection
	GlobalSection(NestedProjects) = preSolution
		{CFA19520-C3FA-4FBE-9DAD-178E33C7F0DE} = {42170F1D-3747-4AAF-9A0D-AA61D5BAE863}
	EndGlobalSection
EndGlobal
